
Microsoft Visual Studio Solution File, Format Version 12.00
# Visual Studio 15
VisualStudioVersion = 15.0.27004.2010
MinimumVisualStudioVersion = 10.0.40219.1
Project("{FAE04EC0-301F-11D3-BF4B-00C04F79EFBC}") = "CustomElementsControlLibrary", "CustomElementsControlLibrary\CustomElementsControlLibrary.csproj", "{50D1B8E5-E9C7-4CA6-94ED-84CE59DEF14C}"
EndProject
Project("{FAE04EC0-301F-11D3-BF4B-00C04F79EFBC}") = "RandomButtonApplication", "RandomButtonApplication\RandomButtonApplication.csproj", "{39880847-7DF5-4006-A17D-FEFB9FFAAF77}"
EndProject
Project("{FAE04EC0-301F-11D3-BF4B-00C04F79EFBC}") = "PermutationsDLL", "..\DLLDemo\PermutationsDLL\PermutationsDLL.csproj", "{B01CE037-D725-41EF-8C36-24267A3283CB}"
EndProject
Global
	GlobalSection(SolutionConfigurationPlatforms) = preSolution
		Debug|Any CPU = Debug|Any CPU
		Release|Any CPU = Release|Any CPU
	EndGlobalSection
	GlobalSection(ProjectConfigurationPlatforms) = postSolution
		{50D1B8E5-E9C7-4CA6-94ED-84CE59DEF14C}.Debug|Any CPU.ActiveCfg = Debug|Any CPU
		{50D1B8E5-E9C7-4CA6-94ED-84CE59DEF14C}.Debug|Any CPU.Build.0 = Debug|Any CPU
		{50D1B8E5-E9C7-4CA6-94ED-84CE59DEF14C}.Release|Any CPU.ActiveCfg = Release|Any CPU
		{50D1B8E5-E9C7-4CA6-94ED-84CE59DEF14C}.Release|Any CPU.Build.0 = Release|Any CPU
		{39880847-7DF5-4006-A17D-FEFB9FFAAF77}.Debug|Any CPU.ActiveCfg = Debug|Any CPU
		{39880847-7DF5-4006-A17D-FEFB9FFAAF77}.Debug|Any CPU.Build.0 = Debug|Any CPU
		{39880847-7DF5-4006-A17D-FEFB9FFAAF77}.Release|Any CPU.ActiveCfg = Release|Any CPU
		{39880847-7DF5-4006-A17D-FEFB9FFAAF77}.Release|Any CPU.Build.0 = Release|Any CPU
		{B01CE037-D725-41EF-8C36-24267A3283CB}.Debug|Any CPU.ActiveCfg = Debug|Any CPU
		{B01CE037-D725-41EF-8C36-24267A3283CB}.Debug|Any CPU.Build.0 = Debug|Any CPU
		{B01CE037-D725-41EF-8C36-24267A3283CB}.Release|Any CPU.ActiveCfg = Release|Any CPU
		{B01CE037-D725-41EF-8C36-24267A3283CB}.Release|Any CPU.Build.0 = Release|Any CPU
	EndGlobalSection
	GlobalSection(SolutionProperties) = preSolution
		HideSolutionNode = FALSE
	EndGlobalSection
	GlobalSection(ExtensibilityGlobals) = postSolution
		SolutionGuid = {FBB7D5FA-0836-453B-812D-BD91B41963F4}
	EndGlobalSection
EndGlobal
