
Microsoft Visual Studio Solution File, Format Version 12.00
# Visual Studio 15
VisualStudioVersion = 15.0.27004.2010
MinimumVisualStudioVersion = 10.0.40219.1
Project("{FAE04EC0-301F-11D3-BF4B-00C04F79EFBC}") = "CommonDivisorLibrary", "CommonDivisorLibrary\CommonDivisorLibrary.csproj", "{590BE94E-3CA6-4486-9899-C0B4E722DE20}"
EndProject
Project("{FAE04EC0-301F-11D3-BF4B-00C04F79EFBC}") = "UnitTests", "UnitTests\UnitTests.csproj", "{CAFC965D-87A6-4982-AF5F-BE78684E0566}"
EndProject
Project("{9A19103F-16F7-4668-BE54-9A1E7A4F7556}") = "WinPromptingApplication", "WinPromptingApplication\WinPromptingApplication.csproj", "{324B043E-E6E0-4131-9204-61463F9B52FF}"
EndProject
Global
	GlobalSection(SolutionConfigurationPlatforms) = preSolution
		Debug|Any CPU = Debug|Any CPU
		Release|Any CPU = Release|Any CPU
	EndGlobalSection
	GlobalSection(ProjectConfigurationPlatforms) = postSolution
		{590BE94E-3CA6-4486-9899-C0B4E722DE20}.Debug|Any CPU.ActiveCfg = Debug|Any CPU
		{590BE94E-3CA6-4486-9899-C0B4E722DE20}.Debug|Any CPU.Build.0 = Debug|Any CPU
		{590BE94E-3CA6-4486-9899-C0B4E722DE20}.Release|Any CPU.ActiveCfg = Release|Any CPU
		{590BE94E-3CA6-4486-9899-C0B4E722DE20}.Release|Any CPU.Build.0 = Release|Any CPU
		{CAFC965D-87A6-4982-AF5F-BE78684E0566}.Debug|Any CPU.ActiveCfg = Debug|Any CPU
		{CAFC965D-87A6-4982-AF5F-BE78684E0566}.Debug|Any CPU.Build.0 = Debug|Any CPU
		{CAFC965D-87A6-4982-AF5F-BE78684E0566}.Release|Any CPU.ActiveCfg = Release|Any CPU
		{CAFC965D-87A6-4982-AF5F-BE78684E0566}.Release|Any CPU.Build.0 = Release|Any CPU
		{324B043E-E6E0-4131-9204-61463F9B52FF}.Debug|Any CPU.ActiveCfg = Debug|Any CPU
		{324B043E-E6E0-4131-9204-61463F9B52FF}.Debug|Any CPU.Build.0 = Debug|Any CPU
		{324B043E-E6E0-4131-9204-61463F9B52FF}.Release|Any CPU.ActiveCfg = Release|Any CPU
		{324B043E-E6E0-4131-9204-61463F9B52FF}.Release|Any CPU.Build.0 = Release|Any CPU
	EndGlobalSection
	GlobalSection(SolutionProperties) = preSolution
		HideSolutionNode = FALSE
	EndGlobalSection
	GlobalSection(ExtensibilityGlobals) = postSolution
		SolutionGuid = {CEA1E3EB-BE91-4FE2-9FFE-8BFF9D92D9A8}
	EndGlobalSection
EndGlobal
