
Microsoft Visual Studio Solution File, Format Version 12.00
# Visual Studio 15
VisualStudioVersion = 15.0.27428.2037
MinimumVisualStudioVersion = 10.0.40219.1
Project("{FAE04EC0-301F-11D3-BF4B-00C04F79EFBC}") = "PalindromeWCF", "PalindromeWCF\PalindromeWCF.csproj", "{894D9776-4819-4841-87D7-2FFDEA4BD84B}"
EndProject
Project("{FAE04EC0-301F-11D3-BF4B-00C04F79EFBC}") = "PalindromeWCFApp", "PalindromeWCFApp\PalindromeWCFApp.csproj", "{7FDCE397-CEC5-407E-A61E-4011A9833AA0}"
EndProject
Project("{FAE04EC0-301F-11D3-BF4B-00C04F79EFBC}") = "PalindromeTest", "PalindromeTest\PalindromeTest.csproj", "{40A01B12-084F-4740-9623-7A196073E5F0}"
EndProject
Project("{9092AA53-FB77-4645-B42D-1CCCA6BD08BD}") = "NodeJsConsoleClient", "NodeJsConsoleClient\NodeJsConsoleClient.njsproj", "{216A7A81-3CAF-4CD1-8D42-C658E75ACB55}"
EndProject
Project("{FAE04EC0-301F-11D3-BF4B-00C04F79EFBC}") = "WindowsHostedWCF", "WindowsHostedWCF\WindowsHostedWCF.csproj", "{5A8DDA4A-AD87-4091-A25C-41A3673AE744}"
EndProject
Global
	GlobalSection(SolutionConfigurationPlatforms) = preSolution
		Debug|Any CPU = Debug|Any CPU
		Release|Any CPU = Release|Any CPU
	EndGlobalSection
	GlobalSection(ProjectConfigurationPlatforms) = postSolution
		{894D9776-4819-4841-87D7-2FFDEA4BD84B}.Debug|Any CPU.ActiveCfg = Debug|Any CPU
		{894D9776-4819-4841-87D7-2FFDEA4BD84B}.Debug|Any CPU.Build.0 = Debug|Any CPU
		{894D9776-4819-4841-87D7-2FFDEA4BD84B}.Release|Any CPU.ActiveCfg = Release|Any CPU
		{894D9776-4819-4841-87D7-2FFDEA4BD84B}.Release|Any CPU.Build.0 = Release|Any CPU
		{7FDCE397-CEC5-407E-A61E-4011A9833AA0}.Debug|Any CPU.ActiveCfg = Debug|Any CPU
		{7FDCE397-CEC5-407E-A61E-4011A9833AA0}.Debug|Any CPU.Build.0 = Debug|Any CPU
		{7FDCE397-CEC5-407E-A61E-4011A9833AA0}.Release|Any CPU.ActiveCfg = Release|Any CPU
		{7FDCE397-CEC5-407E-A61E-4011A9833AA0}.Release|Any CPU.Build.0 = Release|Any CPU
		{40A01B12-084F-4740-9623-7A196073E5F0}.Debug|Any CPU.ActiveCfg = Debug|Any CPU
		{40A01B12-084F-4740-9623-7A196073E5F0}.Debug|Any CPU.Build.0 = Debug|Any CPU
		{40A01B12-084F-4740-9623-7A196073E5F0}.Release|Any CPU.ActiveCfg = Release|Any CPU
		{40A01B12-084F-4740-9623-7A196073E5F0}.Release|Any CPU.Build.0 = Release|Any CPU
		{216A7A81-3CAF-4CD1-8D42-C658E75ACB55}.Debug|Any CPU.ActiveCfg = Debug|Any CPU
		{216A7A81-3CAF-4CD1-8D42-C658E75ACB55}.Debug|Any CPU.Build.0 = Debug|Any CPU
		{216A7A81-3CAF-4CD1-8D42-C658E75ACB55}.Release|Any CPU.ActiveCfg = Release|Any CPU
		{216A7A81-3CAF-4CD1-8D42-C658E75ACB55}.Release|Any CPU.Build.0 = Release|Any CPU
		{5A8DDA4A-AD87-4091-A25C-41A3673AE744}.Debug|Any CPU.ActiveCfg = Debug|Any CPU
		{5A8DDA4A-AD87-4091-A25C-41A3673AE744}.Debug|Any CPU.Build.0 = Debug|Any CPU
		{5A8DDA4A-AD87-4091-A25C-41A3673AE744}.Release|Any CPU.ActiveCfg = Release|Any CPU
		{5A8DDA4A-AD87-4091-A25C-41A3673AE744}.Release|Any CPU.Build.0 = Release|Any CPU
	EndGlobalSection
	GlobalSection(SolutionProperties) = preSolution
		HideSolutionNode = FALSE
	EndGlobalSection
	GlobalSection(ExtensibilityGlobals) = postSolution
		SolutionGuid = {331A00F8-037B-4F7C-9C37-852E370A23A6}
	EndGlobalSection
EndGlobal
